
Microsoft Visual Studio Solution File, Format Version 12.00
# Visual Studio Version 16
VisualStudioVersion = 16.0.31605.320
MinimumVisualStudioVersion = 10.0.40219.1
Project("{FAE04EC0-301F-11D3-BF4B-00C04F79EFBC}") = "SomeClassLibrary", "SomeClassLibrary.csproj", "{80FA0326-1400-4680-8CF7-2487B5A534E0}"
EndProject
Project("{FAE04EC0-301F-11D3-BF4B-00C04F79EFBC}") = "MSTests", "..\MSTests\MSTests.csproj", "{10564B45-4A63-4C26-9E81-6013B754BE75}"
EndProject
Global
	GlobalSection(SolutionConfigurationPlatforms) = preSolution
		Debug|Any CPU = Debug|Any CPU
		Release|Any CPU = Release|Any CPU
	EndGlobalSection
	GlobalSection(ProjectConfigurationPlatforms) = postSolution
		{80FA0326-1400-4680-8CF7-2487B5A534E0}.Debug|Any CPU.ActiveCfg = Debug|Any CPU
		{80FA0326-1400-4680-8CF7-2487B5A534E0}.Debug|Any CPU.Build.0 = Debug|Any CPU
		{80FA0326-1400-4680-8CF7-2487B5A534E0}.Release|Any CPU.ActiveCfg = Release|Any CPU
		{80FA0326-1400-4680-8CF7-2487B5A534E0}.Release|Any CPU.Build.0 = Release|Any CPU
		{10564B45-4A63-4C26-9E81-6013B754BE75}.Debug|Any CPU.ActiveCfg = Debug|Any CPU
		{10564B45-4A63-4C26-9E81-6013B754BE75}.Debug|Any CPU.Build.0 = Debug|Any CPU
		{10564B45-4A63-4C26-9E81-6013B754BE75}.Release|Any CPU.ActiveCfg = Release|Any CPU
		{10564B45-4A63-4C26-9E81-6013B754BE75}.Release|Any CPU.Build.0 = Release|Any CPU
	EndGlobalSection
	GlobalSection(SolutionProperties) = preSolution
		HideSolutionNode = FALSE
	EndGlobalSection
	GlobalSection(ExtensibilityGlobals) = postSolution
		SolutionGuid = {9696F0D8-2DE6-4421-BDE2-C857BD5D7338}
	EndGlobalSection
EndGlobal
